
Microsoft Visual Studio Solution File, Format Version 12.00
# Visual Studio 15
VisualStudioVersion = 15.0.27703.2018
MinimumVisualStudioVersion = 10.0.40219.1
Project("{FAE04EC0-301F-11D3-BF4B-00C04F79EFBC}") = "UtilitaireLib", "UtilitaireLib\UtilitaireLib.csproj", "{D100541B-AE6A-457D-9597-DDCC0055E149}"
EndProject
Project("{FAE04EC0-301F-11D3-BF4B-00C04F79EFBC}") = "EchoArgs", "EchoArgs\EchoArgs.csproj", "{144A680C-6B0A-4CFA-87BF-131EA6FAEC55}"
EndProject
Project("{FAE04EC0-301F-11D3-BF4B-00C04F79EFBC}") = "Additionner", "Additionner\Additionner.csproj", "{57B4A583-0A66-4C99-8589-1848AD96C6A0}"
EndProject
Project("{FAE04EC0-301F-11D3-BF4B-00C04F79EFBC}") = "ConvertirNotes", "ConvertirNotes\ConvertirNotes.csproj", "{9C18DB12-803D-4C16-99FF-DA0FDD477530}"
EndProject
Project("{FAE04EC0-301F-11D3-BF4B-00C04F79EFBC}") = "Tests", "Tests\Tests.csproj", "{E7B2B4F2-C24B-491C-809C-20A25861443C}"
EndProject
Global
	GlobalSection(SolutionConfigurationPlatforms) = preSolution
		Debug|Any CPU = Debug|Any CPU
		Release|Any CPU = Release|Any CPU
	EndGlobalSection
	GlobalSection(ProjectConfigurationPlatforms) = postSolution
		{D100541B-AE6A-457D-9597-DDCC0055E149}.Debug|Any CPU.ActiveCfg = Debug|Any CPU
		{D100541B-AE6A-457D-9597-DDCC0055E149}.Debug|Any CPU.Build.0 = Debug|Any CPU
		{D100541B-AE6A-457D-9597-DDCC0055E149}.Release|Any CPU.ActiveCfg = Release|Any CPU
		{D100541B-AE6A-457D-9597-DDCC0055E149}.Release|Any CPU.Build.0 = Release|Any CPU
		{144A680C-6B0A-4CFA-87BF-131EA6FAEC55}.Debug|Any CPU.ActiveCfg = Debug|Any CPU
		{144A680C-6B0A-4CFA-87BF-131EA6FAEC55}.Debug|Any CPU.Build.0 = Debug|Any CPU
		{144A680C-6B0A-4CFA-87BF-131EA6FAEC55}.Release|Any CPU.ActiveCfg = Release|Any CPU
		{144A680C-6B0A-4CFA-87BF-131EA6FAEC55}.Release|Any CPU.Build.0 = Release|Any CPU
		{57B4A583-0A66-4C99-8589-1848AD96C6A0}.Debug|Any CPU.ActiveCfg = Debug|Any CPU
		{57B4A583-0A66-4C99-8589-1848AD96C6A0}.Debug|Any CPU.Build.0 = Debug|Any CPU
		{57B4A583-0A66-4C99-8589-1848AD96C6A0}.Release|Any CPU.ActiveCfg = Release|Any CPU
		{57B4A583-0A66-4C99-8589-1848AD96C6A0}.Release|Any CPU.Build.0 = Release|Any CPU
		{9C18DB12-803D-4C16-99FF-DA0FDD477530}.Debug|Any CPU.ActiveCfg = Debug|Any CPU
		{9C18DB12-803D-4C16-99FF-DA0FDD477530}.Debug|Any CPU.Build.0 = Debug|Any CPU
		{9C18DB12-803D-4C16-99FF-DA0FDD477530}.Release|Any CPU.ActiveCfg = Release|Any CPU
		{9C18DB12-803D-4C16-99FF-DA0FDD477530}.Release|Any CPU.Build.0 = Release|Any CPU
		{E7B2B4F2-C24B-491C-809C-20A25861443C}.Debug|Any CPU.ActiveCfg = Debug|Any CPU
		{E7B2B4F2-C24B-491C-809C-20A25861443C}.Debug|Any CPU.Build.0 = Debug|Any CPU
		{E7B2B4F2-C24B-491C-809C-20A25861443C}.Release|Any CPU.ActiveCfg = Release|Any CPU
		{E7B2B4F2-C24B-491C-809C-20A25861443C}.Release|Any CPU.Build.0 = Release|Any CPU
	EndGlobalSection
	GlobalSection(SolutionProperties) = preSolution
		HideSolutionNode = FALSE
	EndGlobalSection
	GlobalSection(ExtensibilityGlobals) = postSolution
		SolutionGuid = {6ED519E5-BC19-404E-948B-A318AADCF8A4}
	EndGlobalSection
EndGlobal
